github.com/johnsonaj/concurrencystuff v1.0.0 h1:Ks/9KbuWeXstxvxgODNP9iR4FYYHeZjxxKYgT2VQARQ=
github.com/johnsonaj/concurrencystuff v1.0.0/go.mod h1:Nc9n31XBxjV46bkrSKx48ms+pQAFLSBzpzqPhJ9Ljmw=
github.com/johnsonaj/concurrencystuff v1.0.2 h1:sUQhTuUrnU1z6oukMSE/NrIqL/a+3GKxmvDLTnn+OQA=
github.com/johnsonaj/concurrencystuff v1.0.2/go.mod h1:Nc9n31XBxjV46bkrSKx48ms+pQAFLSBzpzqPhJ9Ljmw=
